
Microsoft Visual Studio Solution File, Format Version 12.00
# Visual Studio Version 17
VisualStudioVersion = 17.13.35931.197 d17.13
MinimumVisualStudioVersion = 10.0.40219.1
Project("{FAE04EC0-301F-11D3-BF4B-00C04F79EFBC}") = "Ecom_core_prac", "Ecom_core_prac\Ecom_core_prac.csproj", "{5CB22B59-B0CF-4DA0-BE75-4168A2B7F264}"
EndProject
Global
	GlobalSection(SolutionConfigurationPlatforms) = preSolution
		Debug|Any CPU = Debug|Any CPU
		Release|Any CPU = Release|Any CPU
	EndGlobalSection
	GlobalSection(ProjectConfigurationPlatforms) = postSolution
		{5CB22B59-B0CF-4DA0-BE75-4168A2B7F264}.Debug|Any CPU.ActiveCfg = Debug|Any CPU
		{5CB22B59-B0CF-4DA0-BE75-4168A2B7F264}.Debug|Any CPU.Build.0 = Debug|Any CPU
		{5CB22B59-B0CF-4DA0-BE75-4168A2B7F264}.Release|Any CPU.ActiveCfg = Release|Any CPU
		{5CB22B59-B0CF-4DA0-BE75-4168A2B7F264}.Release|Any CPU.Build.0 = Release|Any CPU
	EndGlobalSection
	GlobalSection(SolutionProperties) = preSolution
		HideSolutionNode = FALSE
	EndGlobalSection
	GlobalSection(ExtensibilityGlobals) = postSolution
		SolutionGuid = {D028CFCA-17AC-4779-A4FD-5B988BFBBEDC}
	EndGlobalSection
EndGlobal
